
Microsoft Visual Studio Solution File, Format Version 12.00
# Visual Studio 15
VisualStudioVersion = 15.0.28307.329
MinimumVisualStudioVersion = 10.0.40219.1
Project("{2150E333-8FDC-42A3-9474-1A3956D46DE8}") = "DataBase", "DataBase", "{4D0B58C0-A014-4D1E-901B-93855DA1ED5F}"
EndProject
Project("{9A19103F-16F7-4668-BE54-9A1E7A4F7556}") = "Competition.Cache", "Competition.Cache\Competition.Cache.csproj", "{6512A285-23D4-4BF3-89A8-691B09D8862C}"
EndProject
Project("{9A19103F-16F7-4668-BE54-9A1E7A4F7556}") = "Competition.Host", "Competition.Host\Competition.Host.csproj", "{B0671BF3-3705-4469-9D55-EAEFBE4E925F}"
EndProject
Project("{9A19103F-16F7-4668-BE54-9A1E7A4F7556}") = "WebApplication1", "WebApplication1\WebApplication1.csproj", "{4C014797-285C-4AF3-B5C8-3BA2F1C7E40E}"
EndProject
Project("{9A19103F-16F7-4668-BE54-9A1E7A4F7556}") = "Competition.DbHelper", "Competition.DbHelper\Competition.DbHelper.csproj", "{8166C0CD-C72F-4A7C-9855-790ABC5C9E85}"
EndProject
Project("{2150E333-8FDC-42A3-9474-1A3956D46DE8}") = "Tools", "Tools", "{F2608172-9878-46BB-BFF8-3E5EFBFD1CF1}"
EndProject
Project("{9A19103F-16F7-4668-BE54-9A1E7A4F7556}") = "Competition.Tools", "Competition.Tools\Competition.Tools.csproj", "{E1EAA141-A7FA-459E-9D34-007923B09544}"
EndProject
Project("{2150E333-8FDC-42A3-9474-1A3956D46DE8}") = "Repository", "Repository", "{BB81DD69-E52C-4B45-BFE0-77D3F3B9720D}"
EndProject
Project("{9A19103F-16F7-4668-BE54-9A1E7A4F7556}") = "Competition.Repository", "Competition.Repository\Competition.Repository.csproj", "{6EC52758-A6C6-4B80-A6F0-0BAEAA24B137}"
EndProject
Project("{FAE04EC0-301F-11D3-BF4B-00C04F79EFBC}") = "DapperExtensions", "DapperExtensions\DapperExtensions.csproj", "{FD2EE8C9-3EFC-4F9C-B4F4-FCFF0F8880C3}"
EndProject
Project("{9A19103F-16F7-4668-BE54-9A1E7A4F7556}") = "WebApplication2", "WebApplication2\WebApplication2.csproj", "{71546B96-953A-4F65-BAFB-7563F23E9569}"
EndProject
Project("{9A19103F-16F7-4668-BE54-9A1E7A4F7556}") = "ConsoleApp1", "ConsoleApp1\ConsoleApp1.csproj", "{072CA2E2-CAFF-4616-B8FF-F51D9B048648}"
EndProject
Project("{2150E333-8FDC-42A3-9474-1A3956D46DE8}") = "CN-DDD", "CN-DDD", "{F715F71F-35F4-410A-8384-17B7072CF8DA}"
EndProject
Project("{FAE04EC0-301F-11D3-BF4B-00C04F79EFBC}") = "Sample.lib", "Sample.lib\Sample.lib.csproj", "{5F47C67A-9BB9-4CB9-A71A-7C43E080F4EC}"
EndProject
Project("{FAE04EC0-301F-11D3-BF4B-00C04F79EFBC}") = "Sample.lib2", "Sample.lib2\Sample.lib2.csproj", "{DC385DF4-1EA0-430A-9E16-D72863FF1726}"
EndProject
Global
	GlobalSection(SolutionConfigurationPlatforms) = preSolution
		Debug|Any CPU = Debug|Any CPU
		Release|Any CPU = Release|Any CPU
	EndGlobalSection
	GlobalSection(ProjectConfigurationPlatforms) = postSolution
		{6512A285-23D4-4BF3-89A8-691B09D8862C}.Debug|Any CPU.ActiveCfg = Debug|Any CPU
		{6512A285-23D4-4BF3-89A8-691B09D8862C}.Debug|Any CPU.Build.0 = Debug|Any CPU
		{6512A285-23D4-4BF3-89A8-691B09D8862C}.Release|Any CPU.ActiveCfg = Release|Any CPU
		{6512A285-23D4-4BF3-89A8-691B09D8862C}.Release|Any CPU.Build.0 = Release|Any CPU
		{B0671BF3-3705-4469-9D55-EAEFBE4E925F}.Debug|Any CPU.ActiveCfg = Debug|Any CPU
		{B0671BF3-3705-4469-9D55-EAEFBE4E925F}.Debug|Any CPU.Build.0 = Debug|Any CPU
		{B0671BF3-3705-4469-9D55-EAEFBE4E925F}.Release|Any CPU.ActiveCfg = Release|Any CPU
		{B0671BF3-3705-4469-9D55-EAEFBE4E925F}.Release|Any CPU.Build.0 = Release|Any CPU
		{4C014797-285C-4AF3-B5C8-3BA2F1C7E40E}.Debug|Any CPU.ActiveCfg = Debug|Any CPU
		{4C014797-285C-4AF3-B5C8-3BA2F1C7E40E}.Debug|Any CPU.Build.0 = Debug|Any CPU
		{4C014797-285C-4AF3-B5C8-3BA2F1C7E40E}.Release|Any CPU.ActiveCfg = Release|Any CPU
		{4C014797-285C-4AF3-B5C8-3BA2F1C7E40E}.Release|Any CPU.Build.0 = Release|Any CPU
		{8166C0CD-C72F-4A7C-9855-790ABC5C9E85}.Debug|Any CPU.ActiveCfg = Debug|Any CPU
		{8166C0CD-C72F-4A7C-9855-790ABC5C9E85}.Debug|Any CPU.Build.0 = Debug|Any CPU
		{8166C0CD-C72F-4A7C-9855-790ABC5C9E85}.Release|Any CPU.ActiveCfg = Release|Any CPU
		{8166C0CD-C72F-4A7C-9855-790ABC5C9E85}.Release|Any CPU.Build.0 = Release|Any CPU
		{E1EAA141-A7FA-459E-9D34-007923B09544}.Debug|Any CPU.ActiveCfg = Debug|Any CPU
		{E1EAA141-A7FA-459E-9D34-007923B09544}.Debug|Any CPU.Build.0 = Debug|Any CPU
		{E1EAA141-A7FA-459E-9D34-007923B09544}.Release|Any CPU.ActiveCfg = Release|Any CPU
		{E1EAA141-A7FA-459E-9D34-007923B09544}.Release|Any CPU.Build.0 = Release|Any CPU
		{6EC52758-A6C6-4B80-A6F0-0BAEAA24B137}.Debug|Any CPU.ActiveCfg = Debug|Any CPU
		{6EC52758-A6C6-4B80-A6F0-0BAEAA24B137}.Debug|Any CPU.Build.0 = Debug|Any CPU
		{6EC52758-A6C6-4B80-A6F0-0BAEAA24B137}.Release|Any CPU.ActiveCfg = Release|Any CPU
		{6EC52758-A6C6-4B80-A6F0-0BAEAA24B137}.Release|Any CPU.Build.0 = Release|Any CPU
		{FD2EE8C9-3EFC-4F9C-B4F4-FCFF0F8880C3}.Debug|Any CPU.ActiveCfg = Debug|Any CPU
		{FD2EE8C9-3EFC-4F9C-B4F4-FCFF0F8880C3}.Debug|Any CPU.Build.0 = Debug|Any CPU
		{FD2EE8C9-3EFC-4F9C-B4F4-FCFF0F8880C3}.Release|Any CPU.ActiveCfg = Release|Any CPU
		{FD2EE8C9-3EFC-4F9C-B4F4-FCFF0F8880C3}.Release|Any CPU.Build.0 = Release|Any CPU
		{71546B96-953A-4F65-BAFB-7563F23E9569}.Debug|Any CPU.ActiveCfg = Debug|Any CPU
		{71546B96-953A-4F65-BAFB-7563F23E9569}.Debug|Any CPU.Build.0 = Debug|Any CPU
		{71546B96-953A-4F65-BAFB-7563F23E9569}.Release|Any CPU.ActiveCfg = Release|Any CPU
		{71546B96-953A-4F65-BAFB-7563F23E9569}.Release|Any CPU.Build.0 = Release|Any CPU
		{072CA2E2-CAFF-4616-B8FF-F51D9B048648}.Debug|Any CPU.ActiveCfg = Debug|Any CPU
		{072CA2E2-CAFF-4616-B8FF-F51D9B048648}.Debug|Any CPU.Build.0 = Debug|Any CPU
		{072CA2E2-CAFF-4616-B8FF-F51D9B048648}.Release|Any CPU.ActiveCfg = Release|Any CPU
		{072CA2E2-CAFF-4616-B8FF-F51D9B048648}.Release|Any CPU.Build.0 = Release|Any CPU
		{5F47C67A-9BB9-4CB9-A71A-7C43E080F4EC}.Debug|Any CPU.ActiveCfg = Debug|Any CPU
		{5F47C67A-9BB9-4CB9-A71A-7C43E080F4EC}.Debug|Any CPU.Build.0 = Debug|Any CPU
		{5F47C67A-9BB9-4CB9-A71A-7C43E080F4EC}.Release|Any CPU.ActiveCfg = Release|Any CPU
		{5F47C67A-9BB9-4CB9-A71A-7C43E080F4EC}.Release|Any CPU.Build.0 = Release|Any CPU
		{DC385DF4-1EA0-430A-9E16-D72863FF1726}.Debug|Any CPU.ActiveCfg = Debug|Any CPU
		{DC385DF4-1EA0-430A-9E16-D72863FF1726}.Debug|Any CPU.Build.0 = Debug|Any CPU
		{DC385DF4-1EA0-430A-9E16-D72863FF1726}.Release|Any CPU.ActiveCfg = Release|Any CPU
		{DC385DF4-1EA0-430A-9E16-D72863FF1726}.Release|Any CPU.Build.0 = Release|Any CPU
	EndGlobalSection
	GlobalSection(SolutionProperties) = preSolution
		HideSolutionNode = FALSE
	EndGlobalSection
	GlobalSection(NestedProjects) = preSolution
		{6512A285-23D4-4BF3-89A8-691B09D8862C} = {4D0B58C0-A014-4D1E-901B-93855DA1ED5F}
		{8166C0CD-C72F-4A7C-9855-790ABC5C9E85} = {4D0B58C0-A014-4D1E-901B-93855DA1ED5F}
		{E1EAA141-A7FA-459E-9D34-007923B09544} = {F2608172-9878-46BB-BFF8-3E5EFBFD1CF1}
		{6EC52758-A6C6-4B80-A6F0-0BAEAA24B137} = {BB81DD69-E52C-4B45-BFE0-77D3F3B9720D}
		{FD2EE8C9-3EFC-4F9C-B4F4-FCFF0F8880C3} = {4D0B58C0-A014-4D1E-901B-93855DA1ED5F}
		{5F47C67A-9BB9-4CB9-A71A-7C43E080F4EC} = {F715F71F-35F4-410A-8384-17B7072CF8DA}
		{DC385DF4-1EA0-430A-9E16-D72863FF1726} = {F715F71F-35F4-410A-8384-17B7072CF8DA}
	EndGlobalSection
	GlobalSection(ExtensibilityGlobals) = postSolution
		SolutionGuid = {95EE7D3C-239D-491B-845D-B7BC8E09C9B7}
	EndGlobalSection
EndGlobal
