
Microsoft Visual Studio Solution File, Format Version 12.00
# Visual Studio 15
VisualStudioVersion = 15.0.28307.329
MinimumVisualStudioVersion = 10.0.40219.1
Project("{2150E333-8FDC-42A3-9474-1A3956D46DE8}") = "DataBase", "DataBase", "{4D0B58C0-A014-4D1E-901B-93855DA1ED5F}"
EndProject
Project("{9A19103F-16F7-4668-BE54-9A1E7A4F7556}") = "Competition.Cache", "Competition.Cache\Competition.Cache.csproj", "{6512A285-23D4-4BF3-89A8-691B09D8862C}"
EndProject
Project("{9A19103F-16F7-4668-BE54-9A1E7A4F7556}") = "Competition.Host", "Competition.Host\Competition.Host.csproj", "{B0671BF3-3705-4469-9D55-EAEFBE4E925F}"
EndProject
Project("{9A19103F-16F7-4668-BE54-9A1E7A4F7556}") = "WebApplication1", "WebApplication1\WebApplication1.csproj", "{4C014797-285C-4AF3-B5C8-3BA2F1C7E40E}"
EndProject
Project("{9A19103F-16F7-4668-BE54-9A1E7A4F7556}") = "Competition.DbHelper", "Competition.DbHelper\Competition.DbHelper.csproj", "{8166C0CD-C72F-4A7C-9855-790ABC5C9E85}"
EndProject
Project("{2150E333-8FDC-42A3-9474-1A3956D46DE8}") = "Tools", "Tools", "{F2608172-9878-46BB-BFF8-3E5EFBFD1CF1}"
EndProject
Project("{9A19103F-16F7-4668-BE54-9A1E7A4F7556}") = "Competition.Tools", "Competition.Tools\Competition.Tools.csproj", "{E1EAA141-A7FA-459E-9D34-007923B09544}"
EndProject
Project("{2150E333-8FDC-42A3-9474-1A3956D46DE8}") = "Repository", "Repository", "{BB81DD69-E52C-4B45-BFE0-77D3F3B9720D}"
EndProject
Project("{9A19103F-16F7-4668-BE54-9A1E7A4F7556}") = "Competition.Repository", "Competition.Repository\Competition.Repository.csproj", "{6EC52758-A6C6-4B80-A6F0-0BAEAA24B137}"
EndProject
Project("{FAE04EC0-301F-11D3-BF4B-00C04F79EFBC}") = "DapperExtensions", "DapperExtensions\DapperExtensions.csproj", "{FD2EE8C9-3EFC-4F9C-B4F4-FCFF0F8880C3}"
EndProject
Project("{9A19103F-16F7-4668-BE54-9A1E7A4F7556}") = "WebApplication2", "WebApplication2\WebApplication2.csproj", "{71546B96-953A-4F65-BAFB-7563F23E9569}"
EndProject
Project("{9A19103F-16F7-4668-BE54-9A1E7A4F7556}") = "ConsoleApp1", "ConsoleApp1\ConsoleApp1.csproj", "{072CA2E2-CAFF-4616-B8FF-F51D9B048648}"
EndProject
Project("{2150E333-8FDC-42A3-9474-1A3956D46DE8}") = "CN-DDD", "CN-DDD", "{F715F71F-35F4-410A-8384-17B7072CF8DA}"
EndProject
Project("{9A19103F-16F7-4668-BE54-9A1E7A4F7556}") = "Sample.lib", "Sample.lib\Sample.lib.csproj", "{5F47C67A-9BB9-4CB9-A71A-7C43E080F4EC}"
EndProject
Project("{9A19103F-16F7-4668-BE54-9A1E7A4F7556}") = "Sample.lib2", "Sample.lib2\Sample.lib2.csproj", "{DC385DF4-1EA0-430A-9E16-D72863FF1726}"
EndProject
Project("{9A19103F-16F7-4668-BE54-9A1E7A4F7556}") = "DSConsole", "DSConsole\DSConsole.csproj", "{7A846F39-C4A7-4FEA-AF42-C0AC377EA6C2}"
EndProject
Project("{2150E333-8FDC-42A3-9474-1A3956D46DE8}") = "LogCore", "LogCore", "{DFF919F3-EA5B-44F1-A17B-3C7805115A39}"
EndProject
Project("{9A19103F-16F7-4668-BE54-9A1E7A4F7556}") = "Logging.Batching", "Logging.Batching\Logging.Batching.csproj", "{C189D2EA-5166-4B40-9DAC-8E5A791D256E}"
EndProject
Project("{9A19103F-16F7-4668-BE54-9A1E7A4F7556}") = "OptionMonitor", "OptionMonitor\OptionMonitor.csproj", "{FA2B0F86-9A66-46B3-A978-AA03859881F5}"
EndProject
Project("{9A19103F-16F7-4668-BE54-9A1E7A4F7556}") = "Logging.File", "Logging.File\Logging.File.csproj", "{850A92FC-4E36-4EC0-9A25-B32CD8804CAD}"
EndProject
Project("{9A19103F-16F7-4668-BE54-9A1E7A4F7556}") = "Study1", "Study1\Study1.csproj", "{30E06575-1A9B-4FE1-98ED-D93FD8081D57}"
EndProject
Project("{9A19103F-16F7-4668-BE54-9A1E7A4F7556}") = "SignalRServer", "SignalRServer\SignalRServer.csproj", "{9AAB107A-5828-4DC5-860C-B7E72BDD5ABF}"
EndProject
Project("{9A19103F-16F7-4668-BE54-9A1E7A4F7556}") = "SignalRLoggerSample", "SignalRLoggerSample\SignalRLoggerSample.csproj", "{C5107E6D-C414-458E-9A80-B3250DE2FAE8}"
EndProject
Project("{9A19103F-16F7-4668-BE54-9A1E7A4F7556}") = "HuanentLoggingFile", "HuanentLoggingFile\HuanentLoggingFile.csproj", "{3F8CE83D-5ED1-4094-BA03-3435D12E5A54}"
EndProject
Project("{9A19103F-16F7-4668-BE54-9A1E7A4F7556}") = "WebApplication3", "WebApplication3\WebApplication3.csproj", "{1F578CAA-C551-4893-BA0E-1F8DD2D35774}"
EndProject
Project("{9A19103F-16F7-4668-BE54-9A1E7A4F7556}") = "WebApplication4", "WebApplication4\WebApplication4.csproj", "{56E3D03F-1977-4EBC-9F16-A0F253B0FFBF}"
EndProject
Project("{2150E333-8FDC-42A3-9474-1A3956D46DE8}") = "EfCore2.0", "EfCore2.0", "{969CEBA2-5267-4693-B00A-12864EAE066A}"
EndProject
Project("{9A19103F-16F7-4668-BE54-9A1E7A4F7556}") = "EFCore", "EFCore\EFCore.csproj", "{F06E9C77-F4AA-4405-B63E-99DAE9C4B77C}"
EndProject
Project("{2150E333-8FDC-42A3-9474-1A3956D46DE8}") = "RabbitMq", "RabbitMq", "{D9BAB0CC-8BAE-48BC-BFDE-FAD8C32A5189}"
EndProject
Project("{9A19103F-16F7-4668-BE54-9A1E7A4F7556}") = "ConsoleApp2", "ConsoleApp2\ConsoleApp2.csproj", "{19981495-E364-46F8-9DCF-C6ADB54DC9BB}"
EndProject
Project("{9A19103F-16F7-4668-BE54-9A1E7A4F7556}") = "Consumer", "Consumer\Consumer.csproj", "{E059BAC4-5464-412B-B3BB-63C43325BD3B}"
EndProject
Project("{2150E333-8FDC-42A3-9474-1A3956D46DE8}") = "WebApi", "WebApi", "{6945E649-6ECF-45C0-987D-DDD82B787CF2}"
EndProject
Project("{9A19103F-16F7-4668-BE54-9A1E7A4F7556}") = "Webapi1", "Webapi1\Webapi1.csproj", "{1BBF01DE-FED9-4593-BE8D-B0EAA51E3BF3}"
EndProject
Project("{9A19103F-16F7-4668-BE54-9A1E7A4F7556}") = "WebApi2", "WebApi2\WebApi2.csproj", "{E48AAD8F-9181-480F-BF81-BDBB6C6E5320}"
EndProject
Project("{2150E333-8FDC-42A3-9474-1A3956D46DE8}") = "LMSCORE", "LMSCORE", "{486AC45D-246F-4924-AD8F-E8858B537361}"
EndProject
Project("{9A19103F-16F7-4668-BE54-9A1E7A4F7556}") = "WebApplication5", "WebApplication5\WebApplication5.csproj", "{FBC37D13-0A8B-4E79-97C1-5948A558EBBE}"
EndProject
Project("{9A19103F-16F7-4668-BE54-9A1E7A4F7556}") = "WebApplication6", "WebApplication6\WebApplication6.csproj", "{E6C8F922-8A23-48F3-8A27-5DBAA6DC0D79}"
EndProject
Project("{9A19103F-16F7-4668-BE54-9A1E7A4F7556}") = "MongoDb", "MongoDb\MongoDb.csproj", "{8325F81A-C992-492A-AC0A-3AD0486F1A8A}"
EndProject
Project("{9A19103F-16F7-4668-BE54-9A1E7A4F7556}") = "Mobile", "Mobile\Mobile.csproj", "{D16FECAA-8D96-44F5-A390-81CFBC4414EA}"
EndProject
Project("{2150E333-8FDC-42A3-9474-1A3956D46DE8}") = "DesignPattern", "DesignPattern", "{B5223E15-5465-4A6C-808A-AAB129AF545E}"
EndProject
Project("{9A19103F-16F7-4668-BE54-9A1E7A4F7556}") = "dp", "dp\dp.csproj", "{7AD71B72-EC3E-4546-8B0F-371D982A2CE0}"
EndProject
Project("{2150E333-8FDC-42A3-9474-1A3956D46DE8}") = "Authen", "Authen", "{E97DC608-FE2F-4E41-9719-3BC295337562}"
EndProject
Project("{9A19103F-16F7-4668-BE54-9A1E7A4F7556}") = "WebApplication8", "WebApplication8\WebApplication8.csproj", "{6C10B93C-0393-4AB1-9567-C9ECC5800244}"
EndProject
Project("{FAE04EC0-301F-11D3-BF4B-00C04F79EFBC}") = "ContosoUniversity", "ContosoUniversity\ContosoUniversity.csproj", "{DFBCE129-907B-4F45-81E2-EB7AD5425E9E}"
EndProject
Project("{FAE04EC0-301F-11D3-BF4B-00C04F79EFBC}") = "WebApplication9", "WebApplication9\WebApplication9.csproj", "{E7FC4074-CA66-42FF-A552-ED18F940EB00}"
EndProject
Global
	GlobalSection(SolutionConfigurationPlatforms) = preSolution
		Debug|Any CPU = Debug|Any CPU
		Release|Any CPU = Release|Any CPU
	EndGlobalSection
	GlobalSection(ProjectConfigurationPlatforms) = postSolution
		{6512A285-23D4-4BF3-89A8-691B09D8862C}.Debug|Any CPU.ActiveCfg = Debug|Any CPU
		{6512A285-23D4-4BF3-89A8-691B09D8862C}.Debug|Any CPU.Build.0 = Debug|Any CPU
		{6512A285-23D4-4BF3-89A8-691B09D8862C}.Release|Any CPU.ActiveCfg = Release|Any CPU
		{6512A285-23D4-4BF3-89A8-691B09D8862C}.Release|Any CPU.Build.0 = Release|Any CPU
		{B0671BF3-3705-4469-9D55-EAEFBE4E925F}.Debug|Any CPU.ActiveCfg = Debug|Any CPU
		{B0671BF3-3705-4469-9D55-EAEFBE4E925F}.Debug|Any CPU.Build.0 = Debug|Any CPU
		{B0671BF3-3705-4469-9D55-EAEFBE4E925F}.Release|Any CPU.ActiveCfg = Release|Any CPU
		{B0671BF3-3705-4469-9D55-EAEFBE4E925F}.Release|Any CPU.Build.0 = Release|Any CPU
		{4C014797-285C-4AF3-B5C8-3BA2F1C7E40E}.Debug|Any CPU.ActiveCfg = Debug|Any CPU
		{4C014797-285C-4AF3-B5C8-3BA2F1C7E40E}.Debug|Any CPU.Build.0 = Debug|Any CPU
		{4C014797-285C-4AF3-B5C8-3BA2F1C7E40E}.Release|Any CPU.ActiveCfg = Release|Any CPU
		{4C014797-285C-4AF3-B5C8-3BA2F1C7E40E}.Release|Any CPU.Build.0 = Release|Any CPU
		{8166C0CD-C72F-4A7C-9855-790ABC5C9E85}.Debug|Any CPU.ActiveCfg = Debug|Any CPU
		{8166C0CD-C72F-4A7C-9855-790ABC5C9E85}.Debug|Any CPU.Build.0 = Debug|Any CPU
		{8166C0CD-C72F-4A7C-9855-790ABC5C9E85}.Release|Any CPU.ActiveCfg = Release|Any CPU
		{8166C0CD-C72F-4A7C-9855-790ABC5C9E85}.Release|Any CPU.Build.0 = Release|Any CPU
		{E1EAA141-A7FA-459E-9D34-007923B09544}.Debug|Any CPU.ActiveCfg = Debug|Any CPU
		{E1EAA141-A7FA-459E-9D34-007923B09544}.Debug|Any CPU.Build.0 = Debug|Any CPU
		{E1EAA141-A7FA-459E-9D34-007923B09544}.Release|Any CPU.ActiveCfg = Release|Any CPU
		{E1EAA141-A7FA-459E-9D34-007923B09544}.Release|Any CPU.Build.0 = Release|Any CPU
		{6EC52758-A6C6-4B80-A6F0-0BAEAA24B137}.Debug|Any CPU.ActiveCfg = Debug|Any CPU
		{6EC52758-A6C6-4B80-A6F0-0BAEAA24B137}.Debug|Any CPU.Build.0 = Debug|Any CPU
		{6EC52758-A6C6-4B80-A6F0-0BAEAA24B137}.Release|Any CPU.ActiveCfg = Release|Any CPU
		{6EC52758-A6C6-4B80-A6F0-0BAEAA24B137}.Release|Any CPU.Build.0 = Release|Any CPU
		{FD2EE8C9-3EFC-4F9C-B4F4-FCFF0F8880C3}.Debug|Any CPU.ActiveCfg = Debug|Any CPU
		{FD2EE8C9-3EFC-4F9C-B4F4-FCFF0F8880C3}.Debug|Any CPU.Build.0 = Debug|Any CPU
		{FD2EE8C9-3EFC-4F9C-B4F4-FCFF0F8880C3}.Release|Any CPU.ActiveCfg = Release|Any CPU
		{FD2EE8C9-3EFC-4F9C-B4F4-FCFF0F8880C3}.Release|Any CPU.Build.0 = Release|Any CPU
		{71546B96-953A-4F65-BAFB-7563F23E9569}.Debug|Any CPU.ActiveCfg = Debug|Any CPU
		{71546B96-953A-4F65-BAFB-7563F23E9569}.Debug|Any CPU.Build.0 = Debug|Any CPU
		{71546B96-953A-4F65-BAFB-7563F23E9569}.Release|Any CPU.ActiveCfg = Release|Any CPU
		{71546B96-953A-4F65-BAFB-7563F23E9569}.Release|Any CPU.Build.0 = Release|Any CPU
		{072CA2E2-CAFF-4616-B8FF-F51D9B048648}.Debug|Any CPU.ActiveCfg = Debug|Any CPU
		{072CA2E2-CAFF-4616-B8FF-F51D9B048648}.Debug|Any CPU.Build.0 = Debug|Any CPU
		{072CA2E2-CAFF-4616-B8FF-F51D9B048648}.Release|Any CPU.ActiveCfg = Release|Any CPU
		{072CA2E2-CAFF-4616-B8FF-F51D9B048648}.Release|Any CPU.Build.0 = Release|Any CPU
		{5F47C67A-9BB9-4CB9-A71A-7C43E080F4EC}.Debug|Any CPU.ActiveCfg = Debug|Any CPU
		{5F47C67A-9BB9-4CB9-A71A-7C43E080F4EC}.Debug|Any CPU.Build.0 = Debug|Any CPU
		{5F47C67A-9BB9-4CB9-A71A-7C43E080F4EC}.Release|Any CPU.ActiveCfg = Release|Any CPU
		{5F47C67A-9BB9-4CB9-A71A-7C43E080F4EC}.Release|Any CPU.Build.0 = Release|Any CPU
		{DC385DF4-1EA0-430A-9E16-D72863FF1726}.Debug|Any CPU.ActiveCfg = Debug|Any CPU
		{DC385DF4-1EA0-430A-9E16-D72863FF1726}.Debug|Any CPU.Build.0 = Debug|Any CPU
		{DC385DF4-1EA0-430A-9E16-D72863FF1726}.Release|Any CPU.ActiveCfg = Release|Any CPU
		{DC385DF4-1EA0-430A-9E16-D72863FF1726}.Release|Any CPU.Build.0 = Release|Any CPU
		{7A846F39-C4A7-4FEA-AF42-C0AC377EA6C2}.Debug|Any CPU.ActiveCfg = Debug|Any CPU
		{7A846F39-C4A7-4FEA-AF42-C0AC377EA6C2}.Debug|Any CPU.Build.0 = Debug|Any CPU
		{7A846F39-C4A7-4FEA-AF42-C0AC377EA6C2}.Release|Any CPU.ActiveCfg = Release|Any CPU
		{7A846F39-C4A7-4FEA-AF42-C0AC377EA6C2}.Release|Any CPU.Build.0 = Release|Any CPU
		{C189D2EA-5166-4B40-9DAC-8E5A791D256E}.Debug|Any CPU.ActiveCfg = Debug|Any CPU
		{C189D2EA-5166-4B40-9DAC-8E5A791D256E}.Debug|Any CPU.Build.0 = Debug|Any CPU
		{C189D2EA-5166-4B40-9DAC-8E5A791D256E}.Release|Any CPU.ActiveCfg = Release|Any CPU
		{C189D2EA-5166-4B40-9DAC-8E5A791D256E}.Release|Any CPU.Build.0 = Release|Any CPU
		{FA2B0F86-9A66-46B3-A978-AA03859881F5}.Debug|Any CPU.ActiveCfg = Debug|Any CPU
		{FA2B0F86-9A66-46B3-A978-AA03859881F5}.Debug|Any CPU.Build.0 = Debug|Any CPU
		{FA2B0F86-9A66-46B3-A978-AA03859881F5}.Release|Any CPU.ActiveCfg = Release|Any CPU
		{FA2B0F86-9A66-46B3-A978-AA03859881F5}.Release|Any CPU.Build.0 = Release|Any CPU
		{850A92FC-4E36-4EC0-9A25-B32CD8804CAD}.Debug|Any CPU.ActiveCfg = Debug|Any CPU
		{850A92FC-4E36-4EC0-9A25-B32CD8804CAD}.Debug|Any CPU.Build.0 = Debug|Any CPU
		{850A92FC-4E36-4EC0-9A25-B32CD8804CAD}.Release|Any CPU.ActiveCfg = Release|Any CPU
		{850A92FC-4E36-4EC0-9A25-B32CD8804CAD}.Release|Any CPU.Build.0 = Release|Any CPU
		{30E06575-1A9B-4FE1-98ED-D93FD8081D57}.Debug|Any CPU.ActiveCfg = Debug|Any CPU
		{30E06575-1A9B-4FE1-98ED-D93FD8081D57}.Debug|Any CPU.Build.0 = Debug|Any CPU
		{30E06575-1A9B-4FE1-98ED-D93FD8081D57}.Release|Any CPU.ActiveCfg = Release|Any CPU
		{30E06575-1A9B-4FE1-98ED-D93FD8081D57}.Release|Any CPU.Build.0 = Release|Any CPU
		{9AAB107A-5828-4DC5-860C-B7E72BDD5ABF}.Debug|Any CPU.ActiveCfg = Debug|Any CPU
		{9AAB107A-5828-4DC5-860C-B7E72BDD5ABF}.Debug|Any CPU.Build.0 = Debug|Any CPU
		{9AAB107A-5828-4DC5-860C-B7E72BDD5ABF}.Release|Any CPU.ActiveCfg = Release|Any CPU
		{9AAB107A-5828-4DC5-860C-B7E72BDD5ABF}.Release|Any CPU.Build.0 = Release|Any CPU
		{C5107E6D-C414-458E-9A80-B3250DE2FAE8}.Debug|Any CPU.ActiveCfg = Debug|Any CPU
		{C5107E6D-C414-458E-9A80-B3250DE2FAE8}.Debug|Any CPU.Build.0 = Debug|Any CPU
		{C5107E6D-C414-458E-9A80-B3250DE2FAE8}.Release|Any CPU.ActiveCfg = Release|Any CPU
		{C5107E6D-C414-458E-9A80-B3250DE2FAE8}.Release|Any CPU.Build.0 = Release|Any CPU
		{3F8CE83D-5ED1-4094-BA03-3435D12E5A54}.Debug|Any CPU.ActiveCfg = Debug|Any CPU
		{3F8CE83D-5ED1-4094-BA03-3435D12E5A54}.Debug|Any CPU.Build.0 = Debug|Any CPU
		{3F8CE83D-5ED1-4094-BA03-3435D12E5A54}.Release|Any CPU.ActiveCfg = Release|Any CPU
		{3F8CE83D-5ED1-4094-BA03-3435D12E5A54}.Release|Any CPU.Build.0 = Release|Any CPU
		{1F578CAA-C551-4893-BA0E-1F8DD2D35774}.Debug|Any CPU.ActiveCfg = Debug|Any CPU
		{1F578CAA-C551-4893-BA0E-1F8DD2D35774}.Debug|Any CPU.Build.0 = Debug|Any CPU
		{1F578CAA-C551-4893-BA0E-1F8DD2D35774}.Release|Any CPU.ActiveCfg = Release|Any CPU
		{1F578CAA-C551-4893-BA0E-1F8DD2D35774}.Release|Any CPU.Build.0 = Release|Any CPU
		{56E3D03F-1977-4EBC-9F16-A0F253B0FFBF}.Debug|Any CPU.ActiveCfg = Debug|Any CPU
		{56E3D03F-1977-4EBC-9F16-A0F253B0FFBF}.Debug|Any CPU.Build.0 = Debug|Any CPU
		{56E3D03F-1977-4EBC-9F16-A0F253B0FFBF}.Release|Any CPU.ActiveCfg = Release|Any CPU
		{56E3D03F-1977-4EBC-9F16-A0F253B0FFBF}.Release|Any CPU.Build.0 = Release|Any CPU
		{F06E9C77-F4AA-4405-B63E-99DAE9C4B77C}.Debug|Any CPU.ActiveCfg = Debug|Any CPU
		{F06E9C77-F4AA-4405-B63E-99DAE9C4B77C}.Debug|Any CPU.Build.0 = Debug|Any CPU
		{F06E9C77-F4AA-4405-B63E-99DAE9C4B77C}.Release|Any CPU.ActiveCfg = Release|Any CPU
		{F06E9C77-F4AA-4405-B63E-99DAE9C4B77C}.Release|Any CPU.Build.0 = Release|Any CPU
		{19981495-E364-46F8-9DCF-C6ADB54DC9BB}.Debug|Any CPU.ActiveCfg = Debug|Any CPU
		{19981495-E364-46F8-9DCF-C6ADB54DC9BB}.Debug|Any CPU.Build.0 = Debug|Any CPU
		{19981495-E364-46F8-9DCF-C6ADB54DC9BB}.Release|Any CPU.ActiveCfg = Release|Any CPU
		{19981495-E364-46F8-9DCF-C6ADB54DC9BB}.Release|Any CPU.Build.0 = Release|Any CPU
		{E059BAC4-5464-412B-B3BB-63C43325BD3B}.Debug|Any CPU.ActiveCfg = Debug|Any CPU
		{E059BAC4-5464-412B-B3BB-63C43325BD3B}.Debug|Any CPU.Build.0 = Debug|Any CPU
		{E059BAC4-5464-412B-B3BB-63C43325BD3B}.Release|Any CPU.ActiveCfg = Release|Any CPU
		{E059BAC4-5464-412B-B3BB-63C43325BD3B}.Release|Any CPU.Build.0 = Release|Any CPU
		{1BBF01DE-FED9-4593-BE8D-B0EAA51E3BF3}.Debug|Any CPU.ActiveCfg = Debug|Any CPU
		{1BBF01DE-FED9-4593-BE8D-B0EAA51E3BF3}.Debug|Any CPU.Build.0 = Debug|Any CPU
		{1BBF01DE-FED9-4593-BE8D-B0EAA51E3BF3}.Release|Any CPU.ActiveCfg = Release|Any CPU
		{1BBF01DE-FED9-4593-BE8D-B0EAA51E3BF3}.Release|Any CPU.Build.0 = Release|Any CPU
		{E48AAD8F-9181-480F-BF81-BDBB6C6E5320}.Debug|Any CPU.ActiveCfg = Debug|Any CPU
		{E48AAD8F-9181-480F-BF81-BDBB6C6E5320}.Debug|Any CPU.Build.0 = Debug|Any CPU
		{E48AAD8F-9181-480F-BF81-BDBB6C6E5320}.Release|Any CPU.ActiveCfg = Release|Any CPU
		{E48AAD8F-9181-480F-BF81-BDBB6C6E5320}.Release|Any CPU.Build.0 = Release|Any CPU
		{FBC37D13-0A8B-4E79-97C1-5948A558EBBE}.Debug|Any CPU.ActiveCfg = Debug|Any CPU
		{FBC37D13-0A8B-4E79-97C1-5948A558EBBE}.Debug|Any CPU.Build.0 = Debug|Any CPU
		{FBC37D13-0A8B-4E79-97C1-5948A558EBBE}.Release|Any CPU.ActiveCfg = Release|Any CPU
		{FBC37D13-0A8B-4E79-97C1-5948A558EBBE}.Release|Any CPU.Build.0 = Release|Any CPU
		{E6C8F922-8A23-48F3-8A27-5DBAA6DC0D79}.Debug|Any CPU.ActiveCfg = Debug|Any CPU
		{E6C8F922-8A23-48F3-8A27-5DBAA6DC0D79}.Debug|Any CPU.Build.0 = Debug|Any CPU
		{E6C8F922-8A23-48F3-8A27-5DBAA6DC0D79}.Release|Any CPU.ActiveCfg = Release|Any CPU
		{E6C8F922-8A23-48F3-8A27-5DBAA6DC0D79}.Release|Any CPU.Build.0 = Release|Any CPU
		{8325F81A-C992-492A-AC0A-3AD0486F1A8A}.Debug|Any CPU.ActiveCfg = Debug|Any CPU
		{8325F81A-C992-492A-AC0A-3AD0486F1A8A}.Debug|Any CPU.Build.0 = Debug|Any CPU
		{8325F81A-C992-492A-AC0A-3AD0486F1A8A}.Release|Any CPU.ActiveCfg = Release|Any CPU
		{8325F81A-C992-492A-AC0A-3AD0486F1A8A}.Release|Any CPU.Build.0 = Release|Any CPU
		{D16FECAA-8D96-44F5-A390-81CFBC4414EA}.Debug|Any CPU.ActiveCfg = Debug|Any CPU
		{D16FECAA-8D96-44F5-A390-81CFBC4414EA}.Debug|Any CPU.Build.0 = Debug|Any CPU
		{D16FECAA-8D96-44F5-A390-81CFBC4414EA}.Release|Any CPU.ActiveCfg = Release|Any CPU
		{D16FECAA-8D96-44F5-A390-81CFBC4414EA}.Release|Any CPU.Build.0 = Release|Any CPU
		{7AD71B72-EC3E-4546-8B0F-371D982A2CE0}.Debug|Any CPU.ActiveCfg = Debug|Any CPU
		{7AD71B72-EC3E-4546-8B0F-371D982A2CE0}.Debug|Any CPU.Build.0 = Debug|Any CPU
		{7AD71B72-EC3E-4546-8B0F-371D982A2CE0}.Release|Any CPU.ActiveCfg = Release|Any CPU
		{7AD71B72-EC3E-4546-8B0F-371D982A2CE0}.Release|Any CPU.Build.0 = Release|Any CPU
		{6C10B93C-0393-4AB1-9567-C9ECC5800244}.Debug|Any CPU.ActiveCfg = Debug|Any CPU
		{6C10B93C-0393-4AB1-9567-C9ECC5800244}.Debug|Any CPU.Build.0 = Debug|Any CPU
		{6C10B93C-0393-4AB1-9567-C9ECC5800244}.Release|Any CPU.ActiveCfg = Release|Any CPU
		{6C10B93C-0393-4AB1-9567-C9ECC5800244}.Release|Any CPU.Build.0 = Release|Any CPU
		{DFBCE129-907B-4F45-81E2-EB7AD5425E9E}.Debug|Any CPU.ActiveCfg = Debug|Any CPU
		{DFBCE129-907B-4F45-81E2-EB7AD5425E9E}.Debug|Any CPU.Build.0 = Debug|Any CPU
		{DFBCE129-907B-4F45-81E2-EB7AD5425E9E}.Release|Any CPU.ActiveCfg = Release|Any CPU
		{DFBCE129-907B-4F45-81E2-EB7AD5425E9E}.Release|Any CPU.Build.0 = Release|Any CPU
		{E7FC4074-CA66-42FF-A552-ED18F940EB00}.Debug|Any CPU.ActiveCfg = Debug|Any CPU
		{E7FC4074-CA66-42FF-A552-ED18F940EB00}.Debug|Any CPU.Build.0 = Debug|Any CPU
		{E7FC4074-CA66-42FF-A552-ED18F940EB00}.Release|Any CPU.ActiveCfg = Release|Any CPU
		{E7FC4074-CA66-42FF-A552-ED18F940EB00}.Release|Any CPU.Build.0 = Release|Any CPU
	EndGlobalSection
	GlobalSection(SolutionProperties) = preSolution
		HideSolutionNode = FALSE
	EndGlobalSection
	GlobalSection(NestedProjects) = preSolution
		{6512A285-23D4-4BF3-89A8-691B09D8862C} = {4D0B58C0-A014-4D1E-901B-93855DA1ED5F}
		{8166C0CD-C72F-4A7C-9855-790ABC5C9E85} = {4D0B58C0-A014-4D1E-901B-93855DA1ED5F}
		{E1EAA141-A7FA-459E-9D34-007923B09544} = {F2608172-9878-46BB-BFF8-3E5EFBFD1CF1}
		{6EC52758-A6C6-4B80-A6F0-0BAEAA24B137} = {BB81DD69-E52C-4B45-BFE0-77D3F3B9720D}
		{FD2EE8C9-3EFC-4F9C-B4F4-FCFF0F8880C3} = {4D0B58C0-A014-4D1E-901B-93855DA1ED5F}
		{5F47C67A-9BB9-4CB9-A71A-7C43E080F4EC} = {F715F71F-35F4-410A-8384-17B7072CF8DA}
		{DC385DF4-1EA0-430A-9E16-D72863FF1726} = {F715F71F-35F4-410A-8384-17B7072CF8DA}
		{C189D2EA-5166-4B40-9DAC-8E5A791D256E} = {DFF919F3-EA5B-44F1-A17B-3C7805115A39}
		{850A92FC-4E36-4EC0-9A25-B32CD8804CAD} = {DFF919F3-EA5B-44F1-A17B-3C7805115A39}
		{3F8CE83D-5ED1-4094-BA03-3435D12E5A54} = {DFF919F3-EA5B-44F1-A17B-3C7805115A39}
		{F06E9C77-F4AA-4405-B63E-99DAE9C4B77C} = {969CEBA2-5267-4693-B00A-12864EAE066A}
		{19981495-E364-46F8-9DCF-C6ADB54DC9BB} = {D9BAB0CC-8BAE-48BC-BFDE-FAD8C32A5189}
		{E059BAC4-5464-412B-B3BB-63C43325BD3B} = {D9BAB0CC-8BAE-48BC-BFDE-FAD8C32A5189}
		{1BBF01DE-FED9-4593-BE8D-B0EAA51E3BF3} = {6945E649-6ECF-45C0-987D-DDD82B787CF2}
		{E48AAD8F-9181-480F-BF81-BDBB6C6E5320} = {6945E649-6ECF-45C0-987D-DDD82B787CF2}
		{FBC37D13-0A8B-4E79-97C1-5948A558EBBE} = {486AC45D-246F-4924-AD8F-E8858B537361}
		{E6C8F922-8A23-48F3-8A27-5DBAA6DC0D79} = {486AC45D-246F-4924-AD8F-E8858B537361}
		{8325F81A-C992-492A-AC0A-3AD0486F1A8A} = {486AC45D-246F-4924-AD8F-E8858B537361}
		{D16FECAA-8D96-44F5-A390-81CFBC4414EA} = {486AC45D-246F-4924-AD8F-E8858B537361}
		{7AD71B72-EC3E-4546-8B0F-371D982A2CE0} = {B5223E15-5465-4A6C-808A-AAB129AF545E}
		{6C10B93C-0393-4AB1-9567-C9ECC5800244} = {E97DC608-FE2F-4E41-9719-3BC295337562}
		{DFBCE129-907B-4F45-81E2-EB7AD5425E9E} = {486AC45D-246F-4924-AD8F-E8858B537361}
		{E7FC4074-CA66-42FF-A552-ED18F940EB00} = {486AC45D-246F-4924-AD8F-E8858B537361}
	EndGlobalSection
	GlobalSection(ExtensibilityGlobals) = postSolution
		SolutionGuid = {95EE7D3C-239D-491B-845D-B7BC8E09C9B7}
	EndGlobalSection
EndGlobal
